
Microsoft Visual Studio Solution File, Format Version 12.00
# Visual Studio Version 16
VisualStudioVersion = 16.0.29519.181
MinimumVisualStudioVersion = 10.0.40219.1
Project("{FAE04EC0-301F-11D3-BF4B-00C04F79EFBC}") = "ScottProblem", "ScottProblem\ScottProblem.csproj", "{B3B03A58-833B-4175-A651-A42EDAEADC39}"
EndProject
Global
	GlobalSection(SolutionConfigurationPlatforms) = preSolution
		Debug|Any CPU = Debug|Any CPU
		Release|Any CPU = Release|Any CPU
	EndGlobalSection
	GlobalSection(ProjectConfigurationPlatforms) = postSolution
		{B3B03A58-833B-4175-A651-A42EDAEADC39}.Debug|Any CPU.ActiveCfg = Debug|Any CPU
		{B3B03A58-833B-4175-A651-A42EDAEADC39}.Debug|Any CPU.Build.0 = Debug|Any CPU
		{B3B03A58-833B-4175-A651-A42EDAEADC39}.Release|Any CPU.ActiveCfg = Release|Any CPU
		{B3B03A58-833B-4175-A651-A42EDAEADC39}.Release|Any CPU.Build.0 = Release|Any CPU
	EndGlobalSection
	GlobalSection(SolutionProperties) = preSolution
		HideSolutionNode = FALSE
	EndGlobalSection
	GlobalSection(ExtensibilityGlobals) = postSolution
		SolutionGuid = {979CA806-8626-41DB-9E28-5606F459C7BC}
	EndGlobalSection
EndGlobal
